
Microsoft Visual Studio Solution File, Format Version 12.00
# Visual Studio 15
VisualStudioVersion = 15.0.28307.271
MinimumVisualStudioVersion = 10.0.40219.1
Project("{8BC9CEB8-8B4A-11D0-8D11-00A0C91BC942}") = "FirstPersonASCII", "FirstPersonASCII\FirstPersonASCII.vcxproj", "{C56F1B88-9902-455B-84E2-E61A082F3DCA}"
EndProject
Global
	GlobalSection(SolutionConfigurationPlatforms) = preSolution
		Debug|x64 = Debug|x64
		Debug|x86 = Debug|x86
		Release|x64 = Release|x64
		Release|x86 = Release|x86
	EndGlobalSection
	GlobalSection(ProjectConfigurationPlatforms) = postSolution
		{C56F1B88-9902-455B-84E2-E61A082F3DCA}.Debug|x64.ActiveCfg = Debug|x64
		{C56F1B88-9902-455B-84E2-E61A082F3DCA}.Debug|x64.Build.0 = Debug|x64
		{C56F1B88-9902-455B-84E2-E61A082F3DCA}.Debug|x86.ActiveCfg = Debug|Win32
		{C56F1B88-9902-455B-84E2-E61A082F3DCA}.Debug|x86.Build.0 = Debug|Win32
		{C56F1B88-9902-455B-84E2-E61A082F3DCA}.Release|x64.ActiveCfg = Release|x64
		{C56F1B88-9902-455B-84E2-E61A082F3DCA}.Release|x64.Build.0 = Release|x64
		{C56F1B88-9902-455B-84E2-E61A082F3DCA}.Release|x86.ActiveCfg = Release|Win32
		{C56F1B88-9902-455B-84E2-E61A082F3DCA}.Release|x86.Build.0 = Release|Win32
	EndGlobalSection
	GlobalSection(SolutionProperties) = preSolution
		HideSolutionNode = FALSE
	EndGlobalSection
	GlobalSection(ExtensibilityGlobals) = postSolution
		SolutionGuid = {DB10A8A1-BC3A-4CD1-97B7-5D1DB196CAA3}
	EndGlobalSection
EndGlobal
